
Microsoft Visual Studio Solution File, Format Version 12.00
# Visual Studio 15
VisualStudioVersion = 15.0.27703.2026
MinimumVisualStudioVersion = 10.0.40219.1
Project("{FAE04EC0-301F-11D3-BF4B-00C04F79EFBC}") = "f14.XPath", "f14.XPath\f14.XPath.csproj", "{8AC3FFC7-FACD-4C52-87EC-9C8AD01D3C74}"
EndProject
Global
	GlobalSection(SolutionConfigurationPlatforms) = preSolution
		Debug|Any CPU = Debug|Any CPU
		Release|Any CPU = Release|Any CPU
	EndGlobalSection
	GlobalSection(ProjectConfigurationPlatforms) = postSolution
		{8AC3FFC7-FACD-4C52-87EC-9C8AD01D3C74}.Debug|Any CPU.ActiveCfg = Debug|Any CPU
		{8AC3FFC7-FACD-4C52-87EC-9C8AD01D3C74}.Debug|Any CPU.Build.0 = Debug|Any CPU
		{8AC3FFC7-FACD-4C52-87EC-9C8AD01D3C74}.Release|Any CPU.ActiveCfg = Release|Any CPU
		{8AC3FFC7-FACD-4C52-87EC-9C8AD01D3C74}.Release|Any CPU.Build.0 = Release|Any CPU
	EndGlobalSection
	GlobalSection(SolutionProperties) = preSolution
		HideSolutionNode = FALSE
	EndGlobalSection
	GlobalSection(ExtensibilityGlobals) = postSolution
		SolutionGuid = {79E8FFDD-83B0-4797-A32C-50F3D52034B0}
	EndGlobalSection
EndGlobal
